
Microsoft Visual Studio Solution File, Format Version 12.00
# Visual Studio Version 16
VisualStudioVersion = 16.0.31702.278
MinimumVisualStudioVersion = 10.0.40219.1
Project("{FAE04EC0-301F-11D3-BF4B-00C04F79EFBC}") = "Calculator", "Calculator\Calculator.csproj", "{BAA18827-0A89-438D-B185-AC52010DA83E}"
EndProject
Global
	GlobalSection(SolutionConfigurationPlatforms) = preSolution
		Debug|Any CPU = Debug|Any CPU
		Release|Any CPU = Release|Any CPU
	EndGlobalSection
	GlobalSection(ProjectConfigurationPlatforms) = postSolution
		{BAA18827-0A89-438D-B185-AC52010DA83E}.Debug|Any CPU.ActiveCfg = Debug|Any CPU
		{BAA18827-0A89-438D-B185-AC52010DA83E}.Debug|Any CPU.Build.0 = Debug|Any CPU
		{BAA18827-0A89-438D-B185-AC52010DA83E}.Release|Any CPU.ActiveCfg = Release|Any CPU
		{BAA18827-0A89-438D-B185-AC52010DA83E}.Release|Any CPU.Build.0 = Release|Any CPU
	EndGlobalSection
	GlobalSection(SolutionProperties) = preSolution
		HideSolutionNode = FALSE
	EndGlobalSection
	GlobalSection(ExtensibilityGlobals) = postSolution
		SolutionGuid = {6361B80E-C40F-46D1-97F4-F7396DB81297}
	EndGlobalSection
EndGlobal
